
Microsoft Visual Studio Solution File, Format Version 12.00
# Visual Studio Version 16
VisualStudioVersion = 16.0.32510.428
MinimumVisualStudioVersion = 10.0.40219.1
Project("{FAE04EC0-301F-11D3-BF4B-00C04F79EFBC}") = "006 Arrays", "006 Arrays\006 Arrays.csproj", "{DE19F9E4-292C-4E23-A4B1-70F1CEBD9068}"
EndProject
Global
	GlobalSection(SolutionConfigurationPlatforms) = preSolution
		Debug|Any CPU = Debug|Any CPU
		Release|Any CPU = Release|Any CPU
	EndGlobalSection
	GlobalSection(ProjectConfigurationPlatforms) = postSolution
		{DE19F9E4-292C-4E23-A4B1-70F1CEBD9068}.Debug|Any CPU.ActiveCfg = Debug|Any CPU
		{DE19F9E4-292C-4E23-A4B1-70F1CEBD9068}.Debug|Any CPU.Build.0 = Debug|Any CPU
		{DE19F9E4-292C-4E23-A4B1-70F1CEBD9068}.Release|Any CPU.ActiveCfg = Release|Any CPU
		{DE19F9E4-292C-4E23-A4B1-70F1CEBD9068}.Release|Any CPU.Build.0 = Release|Any CPU
	EndGlobalSection
	GlobalSection(SolutionProperties) = preSolution
		HideSolutionNode = FALSE
	EndGlobalSection
	GlobalSection(ExtensibilityGlobals) = postSolution
		SolutionGuid = {03A98C5A-417E-49E3-90CA-E7FB67738B31}
	EndGlobalSection
EndGlobal
