
Microsoft Visual Studio Solution File, Format Version 12.00
# Visual Studio Version 16
VisualStudioVersion = 16.0.32413.511
MinimumVisualStudioVersion = 10.0.40219.1
Project("{FAE04EC0-301F-11D3-BF4B-00C04F79EFBC}") = "TypesAndVariables", "TypesAndVariables\TypesAndVariables.csproj", "{B423CD0D-A8E8-44CC-B295-4DDB45246495}"
EndProject
Global
	GlobalSection(SolutionConfigurationPlatforms) = preSolution
		Debug|Any CPU = Debug|Any CPU
		Release|Any CPU = Release|Any CPU
	EndGlobalSection
	GlobalSection(ProjectConfigurationPlatforms) = postSolution
		{B423CD0D-A8E8-44CC-B295-4DDB45246495}.Debug|Any CPU.ActiveCfg = Debug|Any CPU
		{B423CD0D-A8E8-44CC-B295-4DDB45246495}.Debug|Any CPU.Build.0 = Debug|Any CPU
		{B423CD0D-A8E8-44CC-B295-4DDB45246495}.Release|Any CPU.ActiveCfg = Release|Any CPU
		{B423CD0D-A8E8-44CC-B295-4DDB45246495}.Release|Any CPU.Build.0 = Release|Any CPU
	EndGlobalSection
	GlobalSection(SolutionProperties) = preSolution
		HideSolutionNode = FALSE
	EndGlobalSection
	GlobalSection(ExtensibilityGlobals) = postSolution
		SolutionGuid = {774222E0-DC68-4D81-B1D4-EFDF6BD1B3C0}
	EndGlobalSection
EndGlobal
