
Microsoft Visual Studio Solution File, Format Version 12.00
# Visual Studio Version 16
VisualStudioVersion = 16.0.32413.511
MinimumVisualStudioVersion = 10.0.40219.1
Project("{FAE04EC0-301F-11D3-BF4B-00C04F79EFBC}") = "Enum", "Enum\Enum.csproj", "{C4616DD1-9F1B-44FA-905F-97E130325410}"
EndProject
Global
	GlobalSection(SolutionConfigurationPlatforms) = preSolution
		Debug|Any CPU = Debug|Any CPU
		Release|Any CPU = Release|Any CPU
	EndGlobalSection
	GlobalSection(ProjectConfigurationPlatforms) = postSolution
		{C4616DD1-9F1B-44FA-905F-97E130325410}.Debug|Any CPU.ActiveCfg = Debug|Any CPU
		{C4616DD1-9F1B-44FA-905F-97E130325410}.Debug|Any CPU.Build.0 = Debug|Any CPU
		{C4616DD1-9F1B-44FA-905F-97E130325410}.Release|Any CPU.ActiveCfg = Release|Any CPU
		{C4616DD1-9F1B-44FA-905F-97E130325410}.Release|Any CPU.Build.0 = Release|Any CPU
	EndGlobalSection
	GlobalSection(SolutionProperties) = preSolution
		HideSolutionNode = FALSE
	EndGlobalSection
	GlobalSection(ExtensibilityGlobals) = postSolution
		SolutionGuid = {29DBFAF3-3413-4316-92D7-9A775753DDF6}
	EndGlobalSection
EndGlobal
