
Microsoft Visual Studio Solution File, Format Version 12.00
# Visual Studio Version 16
VisualStudioVersion = 16.0.32413.511
MinimumVisualStudioVersion = 10.0.40219.1
Project("{FAE04EC0-301F-11D3-BF4B-00C04F79EFBC}") = "ConditionalBlocks", "ConditionalBlocks\ConditionalBlocks.csproj", "{A794D94F-9034-4590-A730-1D925B936FAF}"
EndProject
Global
	GlobalSection(SolutionConfigurationPlatforms) = preSolution
		Debug|Any CPU = Debug|Any CPU
		Release|Any CPU = Release|Any CPU
	EndGlobalSection
	GlobalSection(ProjectConfigurationPlatforms) = postSolution
		{A794D94F-9034-4590-A730-1D925B936FAF}.Debug|Any CPU.ActiveCfg = Debug|Any CPU
		{A794D94F-9034-4590-A730-1D925B936FAF}.Debug|Any CPU.Build.0 = Debug|Any CPU
		{A794D94F-9034-4590-A730-1D925B936FAF}.Release|Any CPU.ActiveCfg = Release|Any CPU
		{A794D94F-9034-4590-A730-1D925B936FAF}.Release|Any CPU.Build.0 = Release|Any CPU
	EndGlobalSection
	GlobalSection(SolutionProperties) = preSolution
		HideSolutionNode = FALSE
	EndGlobalSection
	GlobalSection(ExtensibilityGlobals) = postSolution
		SolutionGuid = {3A0A2839-4F73-4222-A50E-816A6ECF589B}
	EndGlobalSection
EndGlobal
