
Microsoft Visual Studio Solution File, Format Version 12.00
# Visual Studio Version 16
VisualStudioVersion = 16.0.32510.428
MinimumVisualStudioVersion = 10.0.40219.1
Project("{FAE04EC0-301F-11D3-BF4B-00C04F79EFBC}") = "004 ref and out", "004 ref and out\004 ref and out.csproj", "{1FE91D0E-FA01-4AA8-8441-81388C703B24}"
EndProject
Global
	GlobalSection(SolutionConfigurationPlatforms) = preSolution
		Debug|Any CPU = Debug|Any CPU
		Release|Any CPU = Release|Any CPU
	EndGlobalSection
	GlobalSection(ProjectConfigurationPlatforms) = postSolution
		{1FE91D0E-FA01-4AA8-8441-81388C703B24}.Debug|Any CPU.ActiveCfg = Debug|Any CPU
		{1FE91D0E-FA01-4AA8-8441-81388C703B24}.Debug|Any CPU.Build.0 = Debug|Any CPU
		{1FE91D0E-FA01-4AA8-8441-81388C703B24}.Release|Any CPU.ActiveCfg = Release|Any CPU
		{1FE91D0E-FA01-4AA8-8441-81388C703B24}.Release|Any CPU.Build.0 = Release|Any CPU
	EndGlobalSection
	GlobalSection(SolutionProperties) = preSolution
		HideSolutionNode = FALSE
	EndGlobalSection
	GlobalSection(ExtensibilityGlobals) = postSolution
		SolutionGuid = {46E5DAA3-C180-4947-BCA3-958EBE3DCC4E}
	EndGlobalSection
EndGlobal
